<Solution>
  <Project Path="Gateway/EstateHub.Gateway/EstateHub.Gateway.csproj" />
  <Project Path="Services/NotificationService/NotificationService.API/NotificationService.API.csproj" />
  <Project Path="Services/NotificationService/NotificationService.Application/NotificationService.Application.csproj" />
  <Project Path="Services/NotificationService/NotificationService.Domain/NotificationService.Domain.csproj" />
  <Project Path="Services/NotificationService/NotificationService.Infrastruture/NotificationService.Infrastruture.csproj" />
  <Project Path="Services/PaymentService/PaymentService.API/PaymentService.API.csproj" />
  <Project Path="Services/PaymentService/PaymentService.Application/PaymentService.Application.csproj" />
  <Project Path="Services/PaymentService/PaymentService.Domain/PaymentService.Domain.csproj" />
  <Project Path="Services/UserService/UserService.API/UserService.API.csproj" />
  <Project Path="Services/UserService/UserService.Application/UserService.Application.csproj" />
  <Project Path="Services/UserService/UserService.Domain/UserService.Domain.csproj" />
  <Project Path="Services/UserService/UserService.Infrastructure/UserService.Infrastructure.csproj" />
  <Project Path="Shared/EstateHub.Contracts/EstateHub.Contracts.csproj" />
</Solution>
